// !$*UTF8*$!
{
	archiveVersion = 1;
	classes = {
	};
	objectVersion = 55;
	objects = {

/* Begin PBXBuildFile section */
		5A35579F272CCB7900B13128 /* AppDelegate.swift in Sources */ = {isa = PBXBuildFile; fileRef = 5A35579E272CCB7900B13128 /* AppDelegate.swift */; };
		5A3557A1272CCB7900B13128 /* SceneDelegate.swift in Sources */ = {isa = PBXBuildFile; fileRef = 5A3557A0272CCB7900B13128 /* SceneDelegate.swift */; };
		5A3557A3272CCB7900B13128 /* ViewController.swift in Sources */ = {isa = PBXBuildFile; fileRef = 5A3557A2272CCB7900B13128 /* ViewController.swift */; };
		5A3557A8272CCB7A00B13128 /* Assets.xcassets in Resources */ = {isa = PBXBuildFile; fileRef = 5A3557A7272CCB7A00B13128 /* Assets.xcassets */; };
		5A3557AB272CCB7A00B13128 /* LaunchScreen.storyboard in Resources */ = {isa = PBXBuildFile; fileRef = 5A3557A9272CCB7A00B13128 /* LaunchScreen.storyboard */; };
		5A3557B4272CCBAD00B13128 /* UserInfoViewModel.swift in Sources */ = {isa = PBXBuildFile; fileRef = 5A3557B3272CCBAD00B13128 /* UserInfoViewModel.swift */; };
		5A3557B7272CCF3600B13128 /* Service.swift in Sources */ = {isa = PBXBuildFile; fileRef = 5A3557B6272CCF3600B13128 /* Service.swift */; };
		5A5A1C12272D661300EB680E /* Model.swift in Sources */ = {isa = PBXBuildFile; fileRef = 5A5A1C11272D661300EB680E /* Model.swift */; };
/* End PBXBuildFile section */

/* Begin PBXFileReference section */
		5A35579B272CCB7900B13128 /* Where is Your Name From.app */ = {isa = PBXFileReference; explicitFileType = wrapper.application; includeInIndex = 0; path = "Where is Your Name From.app"; sourceTree = BUILT_PRODUCTS_DIR; };
		5A35579E272CCB7900B13128 /* AppDelegate.swift */ = {isa = PBXFileReference; lastKnownFileType = sourcecode.swift; path = AppDelegate.swift; sourceTree = "<group>"; };
		5A3557A0272CCB7900B13128 /* SceneDelegate.swift */ = {isa = PBXFileReference; lastKnownFileType = sourcecode.swift; path = SceneDelegate.swift; sourceTree = "<group>"; };
		5A3557A2272CCB7900B13128 /* ViewController.swift */ = {isa = PBXFileReference; lastKnownFileType = sourcecode.swift; path = ViewController.swift; sourceTree = "<group>"; };
		5A3557A7272CCB7A00B13128 /* Assets.xcassets */ = {isa = PBXFileReference; lastKnownFileType = folder.assetcatalog; path = Assets.xcassets; sourceTree = "<group>"; };
		5A3557AA272CCB7A00B13128 /* Base */ = {isa = PBXFileReference; lastKnownFileType = file.storyboard; name = Base; path = Base.lproj/LaunchScreen.storyboard; sourceTree = "<group>"; };
		5A3557AC272CCB7A00B13128 /* Info.plist */ = {isa = PBXFileReference; lastKnownFileType = text.plist.xml; path = Info.plist; sourceTree = "<group>"; };
		5A3557B3272CCBAD00B13128 /* UserInfoViewModel.swift */ = {isa = PBXFileReference; lastKnownFileType = sourcecode.swift; path = UserInfoViewModel.swift; sourceTree = "<group>"; };
		5A3557B6272CCF3600B13128 /* Service.swift */ = {isa = PBXFileReference; lastKnownFileType = sourcecode.swift; path = Service.swift; sourceTree = "<group>"; };
		5A5A1C11272D661300EB680E /* Model.swift */ = {isa = PBXFileReference; lastKnownFileType = sourcecode.swift; path = Model.swift; sourceTree = "<group>"; };
/* End PBXFileReference section */

/* Begin PBXFrameworksBuildPhase section */
		5A355798272CCB7900B13128 /* Frameworks */ = {
			isa = PBXFrameworksBuildPhase;
			buildActionMask = 2147483647;
			files = (
			);
			runOnlyForDeploymentPostprocessing = 0;
		};
/* End PBXFrameworksBuildPhase section */

/* Begin PBXGroup section */
		5A355792272CCB7900B13128 = {
			isa = PBXGroup;
			children = (
				5A35579D272CCB7900B13128 /* Where is Your Name From */,
				5A35579C272CCB7900B13128 /* Products */,
			);
			sourceTree = "<group>";
		};
		5A35579C272CCB7900B13128 /* Products */ = {
			isa = PBXGroup;
			children = (
				5A35579B272CCB7900B13128 /* Where is Your Name From.app */,
			);
			name = Products;
			sourceTree = "<group>";
		};
		5A35579D272CCB7900B13128 /* Where is Your Name From */ = {
			isa = PBXGroup;
			children = (
				5A5A1C10272D65FF00EB680E /* Model */,
				5A3557B5272CCF2800B13128 /* Service */,
				5A3557B2272CCB9900B13128 /* ViewModel */,
				5A35579E272CCB7900B13128 /* AppDelegate.swift */,
				5A3557A0272CCB7900B13128 /* SceneDelegate.swift */,
				5A3557A2272CCB7900B13128 /* ViewController.swift */,
				5A3557A7272CCB7A00B13128 /* Assets.xcassets */,
				5A3557A9272CCB7A00B13128 /* LaunchScreen.storyboard */,
				5A3557AC272CCB7A00B13128 /* Info.plist */,
			);
			path = "Where is Your Name From";
			sourceTree = "<group>";
		};
		5A3557B2272CCB9900B13128 /* ViewModel */ = {
			isa = PBXGroup;
			children = (
				5A3557B3272CCBAD00B13128 /* UserInfoViewModel.swift */,
			);
			path = ViewModel;
			sourceTree = "<group>";
		};
		5A3557B5272CCF2800B13128 /* Service */ = {
			isa = PBXGroup;
			children = (
				5A3557B6272CCF3600B13128 /* Service.swift */,
			);
			path = Service;
			sourceTree = "<group>";
		};
		5A5A1C10272D65FF00EB680E /* Model */ = {
			isa = PBXGroup;
			children = (
				5A5A1C11272D661300EB680E /* Model.swift */,
			);
			path = Model;
			sourceTree = "<group>";
		};
/* End PBXGroup section */

/* Begin PBXNativeTarget section */
		5A35579A272CCB7900B13128 /* Where is Your Name From */ = {
			isa = PBXNativeTarget;
			buildConfigurationList = 5A3557AF272CCB7A00B13128 /* Build configuration list for PBXNativeTarget "Where is Your Name From" */;
			buildPhases = (
				5A355797272CCB7900B13128 /* Sources */,
				5A355798272CCB7900B13128 /* Frameworks */,
				5A355799272CCB7900B13128 /* Resources */,
			);
			buildRules = (
			);
			dependencies = (
			);
			name = "Where is Your Name From";
			productName = "Where is Your Name From";
			productReference = 5A35579B272CCB7900B13128 /* Where is Your Name From.app */;
			productType = "com.apple.product-type.application";
		};
/* End PBXNativeTarget section */

/* Begin PBXProject section */
		5A355793272CCB7900B13128 /* Project object */ = {
			isa = PBXProject;
			attributes = {
				BuildIndependentTargetsInParallel = 1;
				LastSwiftUpdateCheck = 1310;
				LastUpgradeCheck = 1310;
				TargetAttributes = {
					5A35579A272CCB7900B13128 = {
						CreatedOnToolsVersion = 13.1;
					};
				};
			};
			buildConfigurationList = 5A355796272CCB7900B13128 /* Build configuration list for PBXProject "Where is Your Name From" */;
			compatibilityVersion = "Xcode 13.0";
			developmentRegion = en;
			hasScannedForEncodings = 0;
			knownRegions = (
				en,
				Base,
			);
			mainGroup = 5A355792272CCB7900B13128;
			productRefGroup = 5A35579C272CCB7900B13128 /* Products */;
			projectDirPath = "";
			projectRoot = "";
			targets = (
				5A35579A272CCB7900B13128 /* Where is Your Name From */,
			);
		};
/* End PBXProject section */

/* Begin PBXResourcesBuildPhase section */
		5A355799272CCB7900B13128 /* Resources */ = {
			isa = PBXResourcesBuildPhase;
			buildActionMask = 2147483647;
			files = (
				5A3557AB272CCB7A00B13128 /* LaunchScreen.storyboard in Resources */,
				5A3557A8272CCB7A00B13128 /* Assets.xcassets in Resources */,
			);
			runOnlyForDeploymentPostprocessing = 0;
		};
/* End PBXResourcesBuildPhase section */

/* Begin PBXSourcesBuildPhase section */
		5A355797272CCB7900B13128 /* Sources */ = {
			isa = PBXSourcesBuildPhase;
			buildActionMask = 2147483647;
			files = (
				5A3557A3272CCB7900B13128 /* ViewController.swift in Sources */,
				5A3557B4272CCBAD00B13128 /* UserInfoViewModel.swift in Sources */,
				5A3557B7272CCF3600B13128 /* Service.swift in Sources */,
				5A5A1C12272D661300EB680E /* Model.swift in Sources */,
				5A35579F272CCB7900B13128 /* AppDelegate.swift in Sources */,
				5A3557A1272CCB7900B13128 /* SceneDelegate.swift in Sources */,
			);
			runOnlyForDeploymentPostprocessing = 0;
		};
/* End PBXSourcesBuildPhase section */

/* Begin PBXVariantGroup section */
		5A3557A9272CCB7A00B13128 /* LaunchScreen.storyboard */ = {
			isa = PBXVariantGroup;
			children = (
				5A3557AA272CCB7A00B13128 /* Base */,
			);
			name = LaunchScreen.storyboard;
			sourceTree = "<group>";
		};
/* End PBXVariantGroup section */

/* Begin XCBuildConfiguration section */
		5A3557AD272CCB7A00B13128 /* Debug */ = {
			isa = XCBuildConfiguration;
			buildSettings = {
				ALWAYS_SEARCH_USER_PATHS = NO;
				CLANG_ANALYZER_NONNULL = YES;
				CLANG_ANALYZER_NUMBER_OBJECT_CONVERSION = YES_AGGRESSIVE;
				CLANG_CXX_LANGUAGE_STANDARD = "gnu++17";
				CLANG_CXX_LIBRARY = "libc++";
				CLANG_ENABLE_MODULES = YES;
				CLANG_ENABLE_OBJC_ARC = YES;
				CLANG_ENABLE_OBJC_WEAK = YES;
				CLANG_WARN_BLOCK_CAPTURE_AUTORELEASING = YES;
				CLANG_WARN_BOOL_CONVERSION = YES;
				CLANG_WARN_COMMA = YES;
				CLANG_WARN_CONSTANT_CONVERSION = YES;
				CLANG_WARN_DEPRECATED_OBJC_IMPLEMENTATIONS = YES;
				CLANG_WARN_DIRECT_OBJC_ISA_USAGE = YES_ERROR;
				CLANG_WARN_DOCUMENTATION_COMMENTS = YES;
				CLANG_WARN_EMPTY_BODY = YES;
				CLANG_WARN_ENUM_CONVERSION = YES;
				CLANG_WARN_INFINITE_RECURSION = YES;
				CLANG_WARN_INT_CONVERSION = YES;
				CLANG_WARN_NON_LITERAL_NULL_CONVERSION = YES;
				CLANG_WARN_OBJC_IMPLICIT_RETAIN_SELF = YES;
				CLANG_WARN_OBJC_LITERAL_CONVERSION = YES;
				CLANG_WARN_OBJC_ROOT_CLASS = YES_ERROR;
				CLANG_WARN_QUOTED_INCLUDE_IN_FRAMEWORK_HEADER = YES;
				CLANG_WARN_RANGE_LOOP_ANALYSIS = YES;
				CLANG_WARN_STRICT_PROTOTYPES = YES;
				CLANG_WARN_SUSPICIOUS_MOVE = YES;
				CLANG_WARN_UNGUARDED_AVAILABILITY = YES_AGGRESSIVE;
				CLANG_WARN_UNREACHABLE_CODE = YES;
				CLANG_WARN__DUPLICATE_METHOD_MATCH = YES;
				COPY_PHASE_STRIP = NO;
				DEBUG_INFORMATION_FORMAT = dwarf;
				ENABLE_STRICT_OBJC_MSGSEND = YES;
				ENABLE_TESTABILITY = YES;
				GCC_C_LANGUAGE_STANDARD = gnu11;
				GCC_DYNAMIC_NO_PIC = NO;
				GCC_NO_COMMON_BLOCKS = YES;
				GCC_OPTIMIZATION_LEVEL = 0;
				GCC_PREPROCESSOR_DEFINITIONS = (
					"DEBUG=1",
					"$(inherited)",
				);
				GCC_WARN_64_TO_32_BIT_CONVERSION = YES;
				GCC_WARN_ABOUT_RETURN_TYPE = YES_ERROR;
				GCC_WARN_UNDECLARED_SELECTOR = YES;
				GCC_WARN_UNINITIALIZED_AUTOS = YES_AGGRESSIVE;
				GCC_WARN_UNUSED_FUNCTION = YES;
				GCC_WARN_UNUSED_VARIABLE = YES;
				IPHONEOS_DEPLOYMENT_TARGET = 15.0;
				MTL_ENABLE_DEBUG_INFO = INCLUDE_SOURCE;
				MTL_FAST_MATH = YES;
				ONLY_ACTIVE_ARCH = YES;
				SDKROOT = iphoneos;
				SWIFT_ACTIVE_COMPILATION_CONDITIONS = DEBUG;
				SWIFT_OPTIMIZATION_LEVEL = "-Onone";
			};
			name = Debug;
		};
		5A3557AE272CCB7A00B13128 /* Release */ = {
			isa = XCBuildConfiguration;
			buildSettings = {
				ALWAYS_SEARCH_USER_PATHS = NO;
				CLANG_ANALYZER_NONNULL = YES;
				CLANG_ANALYZER_NUMBER_OBJECT_CONVERSION = YES_AGGRESSIVE;
				CLANG_CXX_LANGUAGE_STANDARD = "gnu++17";
				CLANG_CXX_LIBRARY = "libc++";
				CLANG_ENABLE_MODULES = YES;
				CLANG_ENABLE_OBJC_ARC = YES;
				CLANG_ENABLE_OBJC_WEAK = YES;
				CLANG_WARN_BLOCK_CAPTURE_AUTORELEASING = YES;
				CLANG_WARN_BOOL_CONVERSION = YES;
				CLANG_WARN_COMMA = YES;
				CLANG_WARN_CONSTANT_CONVERSION = YES;
				CLANG_WARN_DEPRECATED_OBJC_IMPLEMENTATIONS = YES;
				CLANG_WARN_DIRECT_OBJC_ISA_USAGE = YES_ERROR;
				CLANG_WARN_DOCUMENTATION_COMMENTS = YES;
				CLANG_WARN_EMPTY_BODY = YES;
				CLANG_WARN_ENUM_CONVERSION = YES;
				CLANG_WARN_INFINITE_RECURSION = YES;
				CLANG_WARN_INT_CONVERSION = YES;
				CLANG_WARN_NON_LITERAL_NULL_CONVERSION = YES;
				CLANG_WARN_OBJC_IMPLICIT_RETAIN_SELF = YES;
				CLANG_WARN_OBJC_LITERAL_CONVERSION = YES;
				CLANG_WARN_OBJC_ROOT_CLASS = YES_ERROR;
				CLANG_WARN_QUOTED_INCLUDE_IN_FRAMEWORK_HEADER = YES;
				CLANG_WARN_RANGE_LOOP_ANALYSIS = YES;
				CLANG_WARN_STRICT_PROTOTYPES = YES;
				CLANG_WARN_SUSPICIOUS_MOVE = YES;
				CLANG_WARN_UNGUARDED_AVAILABILITY = YES_AGGRESSIVE;
				CLANG_WARN_UNREACHABLE_CODE = YES;
				CLANG_WARN__DUPLICATE_METHOD_MATCH = YES;
				COPY_PHASE_STRIP = NO;
				DEBUG_INFORMATION_FORMAT = "dwarf-with-dsym";
				ENABLE_NS_ASSERTIONS = NO;
				ENABLE_STRICT_OBJC_MSGSEND = YES;
				GCC_C_LANGUAGE_STANDARD = gnu11;
				GCC_NO_COMMON_BLOCKS = YES;
				GCC_WARN_64_TO_32_BIT_CONVERSION = YES;
				GCC_WARN_ABOUT_RETURN_TYPE = YES_ERROR;
				GCC_WARN_UNDECLARED_SELECTOR = YES;
				GCC_WARN_UNINITIALIZED_AUTOS = YES_AGGRESSIVE;
				GCC_WARN_UNUSED_FUNCTION = YES;
				GCC_WARN_UNUSED_VARIABLE = YES;
				IPHONEOS_DEPLOYMENT_TARGET = 15.0;
				MTL_ENABLE_DEBUG_INFO = NO;
				MTL_FAST_MATH = YES;
				SDKROOT = iphoneos;
				SWIFT_COMPILATION_MODE = wholemodule;
				SWIFT_OPTIMIZATION_LEVEL = "-O";
				VALIDATE_PRODUCT = YES;
			};
			name = Release;
		};
		5A3557B0272CCB7A00B13128 /* Debug */ = {
			isa = XCBuildConfiguration;
			buildSettings = {
				ASSETCATALOG_COMPILER_APPICON_NAME = AppIcon;
				ASSETCATALOG_COMPILER_GLOBAL_ACCENT_COLOR_NAME = AccentColor;
				CODE_SIGN_STYLE = Automatic;
				CURRENT_PROJECT_VERSION = 1;
				DEVELOPMENT_TEAM = 2APF6AH5C2;
				GENERATE_INFOPLIST_FILE = YES;
				INFOPLIST_FILE = "Where is Your Name From/Info.plist";
				INFOPLIST_KEY_UIApplicationSupportsIndirectInputEvents = YES;
				INFOPLIST_KEY_UILaunchStoryboardName = LaunchScreen;
				INFOPLIST_KEY_UISupportedInterfaceOrientations_iPad = "UIInterfaceOrientationPortrait UIInterfaceOrientationPortraitUpsideDown UIInterfaceOrientationLandscapeLeft UIInterfaceOrientationLandscapeRight";
				INFOPLIST_KEY_UISupportedInterfaceOrientations_iPhone = "UIInterfaceOrientationPortrait UIInterfaceOrientationLandscapeLeft UIInterfaceOrientationLandscapeRight";
				LD_RUNPATH_SEARCH_PATHS = (
					"$(inherited)",
					"@executable_path/Frameworks",
				);
				MARKETING_VERSION = 1.0;
				PRODUCT_BUNDLE_IDENTIFIER = "com.pedroboga.Where-is-Your-Name-From";
				PRODUCT_NAME = "$(TARGET_NAME)";
				SWIFT_EMIT_LOC_STRINGS = YES;
				SWIFT_VERSION = 5.0;
				TARGETED_DEVICE_FAMILY = "1,2";
			};
			name = Debug;
		};
		5A3557B1272CCB7A00B13128 /* Release */ = {
			isa = XCBuildConfiguration;
			buildSettings = {
				ASSETCATALOG_COMPILER_APPICON_NAME = AppIcon;
				ASSETCATALOG_COMPILER_GLOBAL_ACCENT_COLOR_NAME = AccentColor;
				CODE_SIGN_STYLE = Automatic;
				CURRENT_PROJECT_VERSION = 1;
				DEVELOPMENT_TEAM = 2APF6AH5C2;
				GENERATE_INFOPLIST_FILE = YES;
				INFOPLIST_FILE = "Where is Your Name From/Info.plist";
				INFOPLIST_KEY_UIApplicationSupportsIndirectInputEvents = YES;
				INFOPLIST_KEY_UILaunchStoryboardName = LaunchScreen;
				INFOPLIST_KEY_UISupportedInterfaceOrientations_iPad = "UIInterfaceOrientationPortrait UIInterfaceOrientationPortraitUpsideDown UIInterfaceOrientationLandscapeLeft UIInterfaceOrientationLandscapeRight";
				INFOPLIST_KEY_UISupportedInterfaceOrientations_iPhone = "UIInterfaceOrientationPortrait UIInterfaceOrientationLandscapeLeft UIInterfaceOrientationLandscapeRight";
				LD_RUNPATH_SEARCH_PATHS = (
					"$(inherited)",
					"@executable_path/Frameworks",
				);
				MARKETING_VERSION = 1.0;
				PRODUCT_BUNDLE_IDENTIFIER = "com.pedroboga.Where-is-Your-Name-From";
				PRODUCT_NAME = "$(TARGET_NAME)";
				SWIFT_EMIT_LOC_STRINGS = YES;
				SWIFT_VERSION = 5.0;
				TARGETED_DEVICE_FAMILY = "1,2";
			};
			name = Release;
		};
/* End XCBuildConfiguration section */

/* Begin XCConfigurationList section */
		5A355796272CCB7900B13128 /* Build configuration list for PBXProject "Where is Your Name From" */ = {
			isa = XCConfigurationList;
			buildConfigurations = (
				5A3557AD272CCB7A00B13128 /* Debug */,
				5A3557AE272CCB7A00B13128 /* Release */,
			);
			defaultConfigurationIsVisible = 0;
			defaultConfigurationName = Release;
		};
		5A3557AF272CCB7A00B13128 /* Build configuration list for PBXNativeTarget "Where is Your Name From" */ = {
			isa = XCConfigurationList;
			buildConfigurations = (
				5A3557B0272CCB7A00B13128 /* Debug */,
				5A3557B1272CCB7A00B13128 /* Release */,
			);
			defaultConfigurationIsVisible = 0;
			defaultConfigurationName = Release;
		};
/* End XCConfigurationList section */
	};
	rootObject = 5A355793272CCB7900B13128 /* Project object */;
}
